
Microsoft Visual Studio Solution File, Format Version 12.00
# Visual Studio 2013
VisualStudioVersion = 12.0.31101.0
MinimumVisualStudioVersion = 10.0.40219.1
Project("{8BC9CEB8-8B4A-11D0-8D11-00A0C91BC942}") = "LifeSDL", "LifeSDL\LifeSDL.vcxproj", "{71E7B43E-E322-418F-AE2B-44B212A62EFA}"
EndProject
Global
	GlobalSection(SolutionConfigurationPlatforms) = preSolution
		Debug|Win32 = Debug|Win32
		Release|Win32 = Release|Win32
	EndGlobalSection
	GlobalSection(ProjectConfigurationPlatforms) = postSolution
		{71E7B43E-E322-418F-AE2B-44B212A62EFA}.Debug|Win32.ActiveCfg = Debug|Win32
		{71E7B43E-E322-418F-AE2B-44B212A62EFA}.Debug|Win32.Build.0 = Debug|Win32
		{71E7B43E-E322-418F-AE2B-44B212A62EFA}.Release|Win32.ActiveCfg = Release|Win32
		{71E7B43E-E322-418F-AE2B-44B212A62EFA}.Release|Win32.Build.0 = Release|Win32
	EndGlobalSection
	GlobalSection(SolutionProperties) = preSolution
		HideSolutionNode = FALSE
	EndGlobalSection
EndGlobal
